
Microsoft Visual Studio Solution File, Format Version 12.00
# Visual Studio Version 16
VisualStudioVersion = 25.0.1700.0
MinimumVisualStudioVersion = 10.0.40219.1
Project("{FAE04EC0-301F-11D3-BF4B-00C04F79EFBC}") = "Prog51", "Prog51\Prog51.csproj", "{71CD00BA-EEAC-4D2E-BEE9-727012EAE051}"
EndProject
Global
	GlobalSection(SolutionConfigurationPlatforms) = preSolution
		Debug|Any CPU = Debug|Any CPU
		Release|Any CPU = Release|Any CPU
	EndGlobalSection
	GlobalSection(ProjectConfigurationPlatforms) = postSolution
		{71CD00BA-EEAC-4D2E-BEE9-727012EAE051}.Debug|Any CPU.ActiveCfg = Debug|Any CPU
		{71CD00BA-EEAC-4D2E-BEE9-727012EAE051}.Debug|Any CPU.Build.0 = Debug|Any CPU
		{71CD00BA-EEAC-4D2E-BEE9-727012EAE051}.Release|Any CPU.ActiveCfg = Release|Any CPU
		{71CD00BA-EEAC-4D2E-BEE9-727012EAE051}.Release|Any CPU.Build.0 = Release|Any CPU
	EndGlobalSection
	GlobalSection(SolutionProperties) = preSolution
		HideSolutionNode = FALSE
	EndGlobalSection
	GlobalSection(ExtensibilityGlobals) = postSolution
		SolutionGuid = {DB6A6CA7-E318-46A8-B4DA-520E383136CE}
	EndGlobalSection
EndGlobal
